
Microsoft Visual Studio Solution File, Format Version 12.00
# Visual Studio Version 17
VisualStudioVersion = 17.2.32519.379
MinimumVisualStudioVersion = 10.0.40219.1
Project("{FAE04EC0-301F-11D3-BF4B-00C04F79EFBC}") = "SlotMachine", "SlotMachine.csproj", "{57D4C03E-6A7F-4FB8-9468-453CA68563F0}"
EndProject
Global
	GlobalSection(SolutionConfigurationPlatforms) = preSolution
		Debug|Any CPU = Debug|Any CPU
		Release|Any CPU = Release|Any CPU
	EndGlobalSection
	GlobalSection(ProjectConfigurationPlatforms) = postSolution
		{57D4C03E-6A7F-4FB8-9468-453CA68563F0}.Debug|Any CPU.ActiveCfg = Debug|Any CPU
		{57D4C03E-6A7F-4FB8-9468-453CA68563F0}.Debug|Any CPU.Build.0 = Debug|Any CPU
		{57D4C03E-6A7F-4FB8-9468-453CA68563F0}.Release|Any CPU.ActiveCfg = Release|Any CPU
		{57D4C03E-6A7F-4FB8-9468-453CA68563F0}.Release|Any CPU.Build.0 = Release|Any CPU
	EndGlobalSection
	GlobalSection(SolutionProperties) = preSolution
		HideSolutionNode = FALSE
	EndGlobalSection
	GlobalSection(ExtensibilityGlobals) = postSolution
		SolutionGuid = {F0625A25-7FFB-4222-80FC-7C855592F40B}
	EndGlobalSection
EndGlobal
